
Microsoft Visual Studio Solution File, Format Version 12.00
# Visual Studio Version 16
VisualStudioVersion = 16.0.29613.14
MinimumVisualStudioVersion = 10.0.40219.1
Project("{FAE04EC0-301F-11D3-BF4B-00C04F79EFBC}") = "Desafio_Estacionamento", "Desafio_Estacionamento\Desafio_Estacionamento.csproj", "{F102871D-2F77-4342-B71B-DB99F2C51CA6}"
EndProject
Global
	GlobalSection(SolutionConfigurationPlatforms) = preSolution
		Debug|Any CPU = Debug|Any CPU
		Release|Any CPU = Release|Any CPU
	EndGlobalSection
	GlobalSection(ProjectConfigurationPlatforms) = postSolution
		{F102871D-2F77-4342-B71B-DB99F2C51CA6}.Debug|Any CPU.ActiveCfg = Debug|Any CPU
		{F102871D-2F77-4342-B71B-DB99F2C51CA6}.Debug|Any CPU.Build.0 = Debug|Any CPU
		{F102871D-2F77-4342-B71B-DB99F2C51CA6}.Release|Any CPU.ActiveCfg = Release|Any CPU
		{F102871D-2F77-4342-B71B-DB99F2C51CA6}.Release|Any CPU.Build.0 = Release|Any CPU
	EndGlobalSection
	GlobalSection(SolutionProperties) = preSolution
		HideSolutionNode = FALSE
	EndGlobalSection
	GlobalSection(ExtensibilityGlobals) = postSolution
		SolutionGuid = {1ACE321E-7316-492E-BD5E-FDB4F26A2A66}
	EndGlobalSection
EndGlobal
